# THIS IS AN AUTOGENERATED FILE. DO NOT EDIT THIS FILE DIRECTLY.
# yarn lockfile v1


"@types/node@^7.0.12":
  version "7.0.48"
  resolved "https://registry.yarnpkg.com/@types/node/-/node-7.0.48.tgz#24bfdc0aa82e8f6dbd017159c58094a2e06d0abb"

vscode-nls@^2.0.2:
  version "2.0.2"
  resolved "https://registry.yarnpkg.com/vscode-nls/-/vscode-nls-2.0.2.tgz#808522380844b8ad153499af5c3b03921aea02da"
